
Microsoft Visual Studio Solution File, Format Version 12.00
# Visual Studio Version 17
VisualStudioVersion = 17.8.34511.84
MinimumVisualStudioVersion = 10.0.40219.1
Project("{8BC9CEB8-8B4A-11D0-8D11-00A0C91BC942}") = "Pointers", "Pointers\Pointers.vcxproj", "{C76C42C8-A4ED-44F7-AFA0-4B55E163C77F}"
EndProject
Project("{8BC9CEB8-8B4A-11D0-8D11-00A0C91BC942}") = "TranferPorametrs", "TranferPorametrs\TranferPorametrs.vcxproj", "{0A7F6587-697D-4937-8789-46B12B3F1898}"
EndProject
Project("{8BC9CEB8-8B4A-11D0-8D11-00A0C91BC942}") = "Refresens", "Refresens\Refresens.vcxproj", "{E8D09DFD-3639-48C3-BD1A-D941B4AB6F8C}"
EndProject
Global
	GlobalSection(SolutionConfigurationPlatforms) = preSolution
		Debug|x64 = Debug|x64
		Debug|x86 = Debug|x86
		Release|x64 = Release|x64
		Release|x86 = Release|x86
	EndGlobalSection
	GlobalSection(ProjectConfigurationPlatforms) = postSolution
		{C76C42C8-A4ED-44F7-AFA0-4B55E163C77F}.Debug|x64.ActiveCfg = Debug|x64
		{C76C42C8-A4ED-44F7-AFA0-4B55E163C77F}.Debug|x64.Build.0 = Debug|x64
		{C76C42C8-A4ED-44F7-AFA0-4B55E163C77F}.Debug|x86.ActiveCfg = Debug|Win32
		{C76C42C8-A4ED-44F7-AFA0-4B55E163C77F}.Debug|x86.Build.0 = Debug|Win32
		{C76C42C8-A4ED-44F7-AFA0-4B55E163C77F}.Release|x64.ActiveCfg = Release|x64
		{C76C42C8-A4ED-44F7-AFA0-4B55E163C77F}.Release|x64.Build.0 = Release|x64
		{C76C42C8-A4ED-44F7-AFA0-4B55E163C77F}.Release|x86.ActiveCfg = Release|Win32
		{C76C42C8-A4ED-44F7-AFA0-4B55E163C77F}.Release|x86.Build.0 = Release|Win32
		{0A7F6587-697D-4937-8789-46B12B3F1898}.Debug|x64.ActiveCfg = Debug|x64
		{0A7F6587-697D-4937-8789-46B12B3F1898}.Debug|x64.Build.0 = Debug|x64
		{0A7F6587-697D-4937-8789-46B12B3F1898}.Debug|x86.ActiveCfg = Debug|Win32
		{0A7F6587-697D-4937-8789-46B12B3F1898}.Debug|x86.Build.0 = Debug|Win32
		{0A7F6587-697D-4937-8789-46B12B3F1898}.Release|x64.ActiveCfg = Release|x64
		{0A7F6587-697D-4937-8789-46B12B3F1898}.Release|x64.Build.0 = Release|x64
		{0A7F6587-697D-4937-8789-46B12B3F1898}.Release|x86.ActiveCfg = Release|Win32
		{0A7F6587-697D-4937-8789-46B12B3F1898}.Release|x86.Build.0 = Release|Win32
		{E8D09DFD-3639-48C3-BD1A-D941B4AB6F8C}.Debug|x64.ActiveCfg = Debug|x64
		{E8D09DFD-3639-48C3-BD1A-D941B4AB6F8C}.Debug|x64.Build.0 = Debug|x64
		{E8D09DFD-3639-48C3-BD1A-D941B4AB6F8C}.Debug|x86.ActiveCfg = Debug|Win32
		{E8D09DFD-3639-48C3-BD1A-D941B4AB6F8C}.Debug|x86.Build.0 = Debug|Win32
		{E8D09DFD-3639-48C3-BD1A-D941B4AB6F8C}.Release|x64.ActiveCfg = Release|x64
		{E8D09DFD-3639-48C3-BD1A-D941B4AB6F8C}.Release|x64.Build.0 = Release|x64
		{E8D09DFD-3639-48C3-BD1A-D941B4AB6F8C}.Release|x86.ActiveCfg = Release|Win32
		{E8D09DFD-3639-48C3-BD1A-D941B4AB6F8C}.Release|x86.Build.0 = Release|Win32
	EndGlobalSection
	GlobalSection(SolutionProperties) = preSolution
		HideSolutionNode = FALSE
	EndGlobalSection
	GlobalSection(ExtensibilityGlobals) = postSolution
		SolutionGuid = {4028DBBE-B42B-4475-8FEF-82E075AFF1E3}
	EndGlobalSection
EndGlobal
